// !$*UTF8*$!
{
	archiveVersion = 1;
	classes = {
	};
	objectVersion = 46;
	objects = {

/* Begin PBXBuildFile section */
		1A5755D21A6791B00038CF45 /* libTTStackCards.a in Frameworks */ = {isa = PBXBuildFile; fileRef = 1A5755D11A67917C0038CF45 /* libTTStackCards.a */; };
		1A5755E61A6792FA0038CF45 /* AppDelegate.m in Sources */ = {isa = PBXBuildFile; fileRef = 1A5755D91A6792FA0038CF45 /* AppDelegate.m */; };
		1A5755ED1A6792FA0038CF45 /* TTSChosenCard.m in Sources */ = {isa = PBXBuildFile; fileRef = 1A5755E21A6792FA0038CF45 /* TTSChosenCard.m */; };
		1A5755EE1A6792FA0038CF45 /* TTSChosenViewController.m in Sources */ = {isa = PBXBuildFile; fileRef = 1A5755E41A6792FA0038CF45 /* TTSChosenViewController.m */; };
		1A5755F11A67936A0038CF45 /* Info.plist in Resources */ = {isa = PBXBuildFile; fileRef = 1A5755EF1A67936A0038CF45 /* Info.plist */; };
		1A5755F21A67936A0038CF45 /* main.m in Sources */ = {isa = PBXBuildFile; fileRef = 1A5755F01A67936A0038CF45 /* main.m */; };
		1A5755F41A6793EF0038CF45 /* Images.xcassets in Resources */ = {isa = PBXBuildFile; fileRef = 1A5755F31A6793EF0038CF45 /* Images.xcassets */; };
		1A5755F71A6794050038CF45 /* Main.storyboard in Resources */ = {isa = PBXBuildFile; fileRef = 1A5755F51A6794050038CF45 /* Main.storyboard */; };
/* End PBXBuildFile section */

/* Begin PBXContainerItemProxy section */
		1A5755D01A67917C0038CF45 /* PBXContainerItemProxy */ = {
			isa = PBXContainerItemProxy;
			containerPortal = 1A5755CC1A67917C0038CF45 /* TTStackCards.xcodeproj */;
			proxyType = 2;
			remoteGlobalIDString = 1A5755A31A678FA00038CF45;
			remoteInfo = TTStackCards;
		};
/* End PBXContainerItemProxy section */

/* Begin PBXFileReference section */
		1A5754F71A63A33A0038CF45 /* TTAnimationDemo.app */ = {isa = PBXFileReference; explicitFileType = wrapper.application; includeInIndex = 0; path = TTAnimationDemo.app; sourceTree = BUILT_PRODUCTS_DIR; };
		1A5755CC1A67917C0038CF45 /* TTStackCards.xcodeproj */ = {isa = PBXFileReference; lastKnownFileType = "wrapper.pb-project"; name = TTStackCards.xcodeproj; path = ../TTStackCards/TTStackCards.xcodeproj; sourceTree = "<group>"; };
		1A5755D81A6792FA0038CF45 /* AppDelegate.h */ = {isa = PBXFileReference; fileEncoding = 4; lastKnownFileType = sourcecode.c.h; path = AppDelegate.h; sourceTree = "<group>"; };
		1A5755D91A6792FA0038CF45 /* AppDelegate.m */ = {isa = PBXFileReference; fileEncoding = 4; lastKnownFileType = sourcecode.c.objc; path = AppDelegate.m; sourceTree = "<group>"; };
		1A5755E11A6792FA0038CF45 /* TTSChosenCard.h */ = {isa = PBXFileReference; fileEncoding = 4; lastKnownFileType = sourcecode.c.h; path = TTSChosenCard.h; sourceTree = "<group>"; };
		1A5755E21A6792FA0038CF45 /* TTSChosenCard.m */ = {isa = PBXFileReference; fileEncoding = 4; lastKnownFileType = sourcecode.c.objc; path = TTSChosenCard.m; sourceTree = "<group>"; };
		1A5755E31A6792FA0038CF45 /* TTSChosenViewController.h */ = {isa = PBXFileReference; fileEncoding = 4; lastKnownFileType = sourcecode.c.h; path = TTSChosenViewController.h; sourceTree = "<group>"; };
		1A5755E41A6792FA0038CF45 /* TTSChosenViewController.m */ = {isa = PBXFileReference; fileEncoding = 4; lastKnownFileType = sourcecode.c.objc; path = TTSChosenViewController.m; sourceTree = "<group>"; };
		1A5755EF1A67936A0038CF45 /* Info.plist */ = {isa = PBXFileReference; fileEncoding = 4; lastKnownFileType = text.plist.xml; name = Info.plist; path = TTAnimation/Info.plist; sourceTree = SOURCE_ROOT; };
		1A5755F01A67936A0038CF45 /* main.m */ = {isa = PBXFileReference; fileEncoding = 4; lastKnownFileType = sourcecode.c.objc; name = main.m; path = TTAnimation/main.m; sourceTree = SOURCE_ROOT; };
		1A5755F31A6793EF0038CF45 /* Images.xcassets */ = {isa = PBXFileReference; lastKnownFileType = folder.assetcatalog; name = Images.xcassets; path = TTAnimation/Images.xcassets; sourceTree = SOURCE_ROOT; };
		1A5755F61A6794050038CF45 /* Base */ = {isa = PBXFileReference; lastKnownFileType = file.storyboard; name = Base; path = TTAnimation/Base.lproj/Main.storyboard; sourceTree = SOURCE_ROOT; };
		1A6008CD1A6CC7A600FAE73F /* TTStackSingleCardView.h */ = {isa = PBXFileReference; fileEncoding = 4; lastKnownFileType = sourcecode.c.h; name = TTStackSingleCardView.h; path = ../../TTStackCards/TTStackCards/TTStackSingleCardView.h; sourceTree = "<group>"; };
		1A6008E91A6DF6D200FAE73F /* TTStackCards.h */ = {isa = PBXFileReference; lastKnownFileType = sourcecode.c.h; path = TTStackCards.h; sourceTree = "<group>"; };
/* End PBXFileReference section */

/* Begin PBXFrameworksBuildPhase section */
		1A5754F41A63A33A0038CF45 /* Frameworks */ = {
			isa = PBXFrameworksBuildPhase;
			buildActionMask = 2147483647;
			files = (
				1A5755D21A6791B00038CF45 /* libTTStackCards.a in Frameworks */,
			);
			runOnlyForDeploymentPostprocessing = 0;
		};
/* End PBXFrameworksBuildPhase section */

/* Begin PBXGroup section */
		1A5754EE1A63A33A0038CF45 = {
			isa = PBXGroup;
			children = (
				1A5755CC1A67917C0038CF45 /* TTStackCards.xcodeproj */,
				1A5755D71A6792FA0038CF45 /* TTAnimationDemo */,
				1A5754F81A63A33A0038CF45 /* Products */,
			);
			sourceTree = "<group>";
		};
		1A5754F81A63A33A0038CF45 /* Products */ = {
			isa = PBXGroup;
			children = (
				1A5754F71A63A33A0038CF45 /* TTAnimationDemo.app */,
			);
			name = Products;
			sourceTree = "<group>";
		};
		1A5754FA1A63A33A0038CF45 /* Supporting Files */ = {
			isa = PBXGroup;
			children = (
				1A5755F51A6794050038CF45 /* Main.storyboard */,
				1A5755F31A6793EF0038CF45 /* Images.xcassets */,
				1A5755EF1A67936A0038CF45 /* Info.plist */,
				1A5755F01A67936A0038CF45 /* main.m */,
			);
			name = "Supporting Files";
			path = ../TanTanAnimation;
			sourceTree = "<group>";
		};
		1A5755CD1A67917C0038CF45 /* Products */ = {
			isa = PBXGroup;
			children = (
				1A5755D11A67917C0038CF45 /* libTTStackCards.a */,
			);
			name = Products;
			sourceTree = "<group>";
		};
		1A5755D71A6792FA0038CF45 /* TTAnimationDemo */ = {
			isa = PBXGroup;
			children = (
				1A5755D81A6792FA0038CF45 /* AppDelegate.h */,
				1A5755D91A6792FA0038CF45 /* AppDelegate.m */,
				1A5755E11A6792FA0038CF45 /* TTSChosenCard.h */,
				1A5755E21A6792FA0038CF45 /* TTSChosenCard.m */,
				1A5755E31A6792FA0038CF45 /* TTSChosenViewController.h */,
				1A5755E41A6792FA0038CF45 /* TTSChosenViewController.m */,
				1A6008E91A6DF6D200FAE73F /* TTStackCards.h */,
				1A6008CD1A6CC7A600FAE73F /* TTStackSingleCardView.h */,
				1A5754FA1A63A33A0038CF45 /* Supporting Files */,
			);
			name = TTAnimationDemo;
			path = TTAnimation;
			sourceTree = SOURCE_ROOT;
		};
/* End PBXGroup section */

/* Begin PBXNativeTarget section */
		1A5754F61A63A33A0038CF45 /* TTAnimationDemo */ = {
			isa = PBXNativeTarget;
			buildConfigurationList = 1A57551A1A63A33A0038CF45 /* Build configuration list for PBXNativeTarget "TTAnimationDemo" */;
			buildPhases = (
				1A5754F31A63A33A0038CF45 /* Sources */,
				1A5754F41A63A33A0038CF45 /* Frameworks */,
				1A5754F51A63A33A0038CF45 /* Resources */,
			);
			buildRules = (
			);
			dependencies = (
			);
			name = TTAnimationDemo;
			productName = TanTanAnimation;
			productReference = 1A5754F71A63A33A0038CF45 /* TTAnimationDemo.app */;
			productType = "com.apple.product-type.application";
		};
/* End PBXNativeTarget section */

/* Begin PBXProject section */
		1A5754EF1A63A33A0038CF45 /* Project object */ = {
			isa = PBXProject;
			attributes = {
				LastUpgradeCheck = 0610;
				ORGANIZATIONNAME = wangrui;
				TargetAttributes = {
					1A5754F61A63A33A0038CF45 = {
						CreatedOnToolsVersion = 6.1.1;
					};
				};
			};
			buildConfigurationList = 1A5754F21A63A33A0038CF45 /* Build configuration list for PBXProject "TTAnimationDemo" */;
			compatibilityVersion = "Xcode 3.2";
			developmentRegion = English;
			hasScannedForEncodings = 0;
			knownRegions = (
				en,
				Base,
			);
			mainGroup = 1A5754EE1A63A33A0038CF45;
			productRefGroup = 1A5754F81A63A33A0038CF45 /* Products */;
			projectDirPath = "";
			projectReferences = (
				{
					ProductGroup = 1A5755CD1A67917C0038CF45 /* Products */;
					ProjectRef = 1A5755CC1A67917C0038CF45 /* TTStackCards.xcodeproj */;
				},
			);
			projectRoot = "";
			targets = (
				1A5754F61A63A33A0038CF45 /* TTAnimationDemo */,
			);
		};
/* End PBXProject section */

/* Begin PBXReferenceProxy section */
		1A5755D11A67917C0038CF45 /* libTTStackCards.a */ = {
			isa = PBXReferenceProxy;
			fileType = archive.ar;
			path = libTTStackCards.a;
			remoteRef = 1A5755D01A67917C0038CF45 /* PBXContainerItemProxy */;
			sourceTree = BUILT_PRODUCTS_DIR;
		};
/* End PBXReferenceProxy section */

/* Begin PBXResourcesBuildPhase section */
		1A5754F51A63A33A0038CF45 /* Resources */ = {
			isa = PBXResourcesBuildPhase;
			buildActionMask = 2147483647;
			files = (
				1A5755F71A6794050038CF45 /* Main.storyboard in Resources */,
				1A5755F11A67936A0038CF45 /* Info.plist in Resources */,
				1A5755F41A6793EF0038CF45 /* Images.xcassets in Resources */,
			);
			runOnlyForDeploymentPostprocessing = 0;
		};
/* End PBXResourcesBuildPhase section */

/* Begin PBXSourcesBuildPhase section */
		1A5754F31A63A33A0038CF45 /* Sources */ = {
			isa = PBXSourcesBuildPhase;
			buildActionMask = 2147483647;
			files = (
				1A5755EE1A6792FA0038CF45 /* TTSChosenViewController.m in Sources */,
				1A5755E61A6792FA0038CF45 /* AppDelegate.m in Sources */,
				1A5755F21A67936A0038CF45 /* main.m in Sources */,
				1A5755ED1A6792FA0038CF45 /* TTSChosenCard.m in Sources */,
			);
			runOnlyForDeploymentPostprocessing = 0;
		};
/* End PBXSourcesBuildPhase section */

/* Begin PBXVariantGroup section */
		1A5755F51A6794050038CF45 /* Main.storyboard */ = {
			isa = PBXVariantGroup;
			children = (
				1A5755F61A6794050038CF45 /* Base */,
			);
			name = Main.storyboard;
			sourceTree = "<group>";
		};
/* End PBXVariantGroup section */

/* Begin XCBuildConfiguration section */
		1A5755181A63A33A0038CF45 /* Debug */ = {
			isa = XCBuildConfiguration;
			buildSettings = {
				ALWAYS_SEARCH_USER_PATHS = NO;
				CLANG_CXX_LANGUAGE_STANDARD = "gnu++0x";
				CLANG_CXX_LIBRARY = "libc++";
				CLANG_ENABLE_MODULES = YES;
				CLANG_ENABLE_OBJC_ARC = YES;
				CLANG_WARN_BOOL_CONVERSION = YES;
				CLANG_WARN_CONSTANT_CONVERSION = YES;
				CLANG_WARN_DIRECT_OBJC_ISA_USAGE = YES_ERROR;
				CLANG_WARN_EMPTY_BODY = YES;
				CLANG_WARN_ENUM_CONVERSION = YES;
				CLANG_WARN_INT_CONVERSION = YES;
				CLANG_WARN_OBJC_ROOT_CLASS = YES_ERROR;
				CLANG_WARN_UNREACHABLE_CODE = YES;
				CLANG_WARN__DUPLICATE_METHOD_MATCH = YES;
				"CODE_SIGN_IDENTITY[sdk=iphoneos*]" = "iPhone Developer";
				COPY_PHASE_STRIP = NO;
				ENABLE_STRICT_OBJC_MSGSEND = YES;
				GCC_C_LANGUAGE_STANDARD = gnu99;
				GCC_DYNAMIC_NO_PIC = NO;
				GCC_OPTIMIZATION_LEVEL = 0;
				GCC_PREPROCESSOR_DEFINITIONS = (
					"DEBUG=1",
					"$(inherited)",
				);
				GCC_SYMBOLS_PRIVATE_EXTERN = NO;
				GCC_WARN_64_TO_32_BIT_CONVERSION = YES;
				GCC_WARN_ABOUT_RETURN_TYPE = YES_ERROR;
				GCC_WARN_UNDECLARED_SELECTOR = YES;
				GCC_WARN_UNINITIALIZED_AUTOS = YES_AGGRESSIVE;
				GCC_WARN_UNUSED_FUNCTION = YES;
				GCC_WARN_UNUSED_VARIABLE = YES;
				IPHONEOS_DEPLOYMENT_TARGET = 8.1;
				MTL_ENABLE_DEBUG_INFO = YES;
				ONLY_ACTIVE_ARCH = YES;
				SDKROOT = iphoneos;
				TARGETED_DEVICE_FAMILY = "1,2";
			};
			name = Debug;
		};
		1A5755191A63A33A0038CF45 /* Release */ = {
			isa = XCBuildConfiguration;
			buildSettings = {
				ALWAYS_SEARCH_USER_PATHS = NO;
				CLANG_CXX_LANGUAGE_STANDARD = "gnu++0x";
				CLANG_CXX_LIBRARY = "libc++";
				CLANG_ENABLE_MODULES = YES;
				CLANG_ENABLE_OBJC_ARC = YES;
				CLANG_WARN_BOOL_CONVERSION = YES;
				CLANG_WARN_CONSTANT_CONVERSION = YES;
				CLANG_WARN_DIRECT_OBJC_ISA_USAGE = YES_ERROR;
				CLANG_WARN_EMPTY_BODY = YES;
				CLANG_WARN_ENUM_CONVERSION = YES;
				CLANG_WARN_INT_CONVERSION = YES;
				CLANG_WARN_OBJC_ROOT_CLASS = YES_ERROR;
				CLANG_WARN_UNREACHABLE_CODE = YES;
				CLANG_WARN__DUPLICATE_METHOD_MATCH = YES;
				"CODE_SIGN_IDENTITY[sdk=iphoneos*]" = "iPhone Developer";
				COPY_PHASE_STRIP = YES;
				ENABLE_NS_ASSERTIONS = NO;
				ENABLE_STRICT_OBJC_MSGSEND = YES;
				GCC_C_LANGUAGE_STANDARD = gnu99;
				GCC_WARN_64_TO_32_BIT_CONVERSION = YES;
				GCC_WARN_ABOUT_RETURN_TYPE = YES_ERROR;
				GCC_WARN_UNDECLARED_SELECTOR = YES;
				GCC_WARN_UNINITIALIZED_AUTOS = YES_AGGRESSIVE;
				GCC_WARN_UNUSED_FUNCTION = YES;
				GCC_WARN_UNUSED_VARIABLE = YES;
				IPHONEOS_DEPLOYMENT_TARGET = 8.1;
				MTL_ENABLE_DEBUG_INFO = NO;
				SDKROOT = iphoneos;
				TARGETED_DEVICE_FAMILY = "1,2";
				VALIDATE_PRODUCT = YES;
			};
			name = Release;
		};
		1A57551B1A63A33A0038CF45 /* Debug */ = {
			isa = XCBuildConfiguration;
			buildSettings = {
				ASSETCATALOG_COMPILER_APPICON_NAME = AppIcon;
				CODE_SIGN_IDENTITY = "iPhone Developer: rui wang (F8QKH3SFAF)";
				INFOPLIST_FILE = "$(SRCROOT)/TTAnimation/Info.plist";
				LD_RUNPATH_SEARCH_PATHS = "$(inherited) @executable_path/Frameworks";
				OTHER_LDFLAGS = "-ObjC";
				PRODUCT_NAME = TTAnimationDemo;
				PROVISIONING_PROFILE = "77241d36-de5c-4f96-bd12-a67926a0bb3e";
			};
			name = Debug;
		};
		1A57551C1A63A33A0038CF45 /* Release */ = {
			isa = XCBuildConfiguration;
			buildSettings = {
				ASSETCATALOG_COMPILER_APPICON_NAME = AppIcon;
				CODE_SIGN_IDENTITY = "iPhone Developer: rui wang (F8QKH3SFAF)";
				"CODE_SIGN_IDENTITY[sdk=iphoneos*]" = "iPhone Developer: rui wang (F8QKH3SFAF)";
				INFOPLIST_FILE = "$(SRCROOT)/TTAnimation/Info.plist";
				LD_RUNPATH_SEARCH_PATHS = "$(inherited) @executable_path/Frameworks";
				OTHER_LDFLAGS = "-ObjC";
				PRODUCT_NAME = TTAnimationDemo;
				PROVISIONING_PROFILE = "77241d36-de5c-4f96-bd12-a67926a0bb3e";
			};
			name = Release;
		};
/* End XCBuildConfiguration section */

/* Begin XCConfigurationList section */
		1A5754F21A63A33A0038CF45 /* Build configuration list for PBXProject "TTAnimationDemo" */ = {
			isa = XCConfigurationList;
			buildConfigurations = (
				1A5755181A63A33A0038CF45 /* Debug */,
				1A5755191A63A33A0038CF45 /* Release */,
			);
			defaultConfigurationIsVisible = 0;
			defaultConfigurationName = Release;
		};
		1A57551A1A63A33A0038CF45 /* Build configuration list for PBXNativeTarget "TTAnimationDemo" */ = {
			isa = XCConfigurationList;
			buildConfigurations = (
				1A57551B1A63A33A0038CF45 /* Debug */,
				1A57551C1A63A33A0038CF45 /* Release */,
			);
			defaultConfigurationIsVisible = 0;
			defaultConfigurationName = Release;
		};
/* End XCConfigurationList section */
	};
	rootObject = 1A5754EF1A63A33A0038CF45 /* Project object */;
}
