// !$*UTF8*$!
{
	archiveVersion = 1;
	classes = {
	};
	objectVersion = 46;
	objects = {

/* Begin PBXBuildFile section */
		1A5755C31A678FDF0038CF45 /* SKBounceAnimation.m in Sources */ = {isa = PBXBuildFile; fileRef = 1A5755BE1A678FDF0038CF45 /* SKBounceAnimation.m */; };
		1A5755C41A678FDF0038CF45 /* UIView+GeometryAddition.m in Sources */ = {isa = PBXBuildFile; fileRef = 1A5755C01A678FDF0038CF45 /* UIView+GeometryAddition.m */; };
		1A5755C51A678FDF0038CF45 /* TTStackCards.m in Sources */ = {isa = PBXBuildFile; fileRef = 1A5755C21A678FDF0038CF45 /* TTStackCards.m */; };
		1A6008CC1A6CC75B00FAE73F /* TTStackSingleCardView.m in Sources */ = {isa = PBXBuildFile; fileRef = 1A6008CB1A6CC75B00FAE73F /* TTStackSingleCardView.m */; };
		B3A628E61A6D6BE0000625C7 /* TTStackSingleCardViewProtocal.h in Sources */ = {isa = PBXBuildFile; fileRef = B3A628E51A6D6B08000625C7 /* TTStackSingleCardViewProtocal.h */; };
/* End PBXBuildFile section */

/* Begin PBXCopyFilesBuildPhase section */
		1A5755A11A678FA00038CF45 /* Copy Files */ = {
			isa = PBXCopyFilesBuildPhase;
			buildActionMask = 2147483647;
			dstPath = "include/$(PRODUCT_NAME)";
			dstSubfolderSpec = 16;
			files = (
			);
			name = "Copy Files";
			runOnlyForDeploymentPostprocessing = 0;
		};
/* End PBXCopyFilesBuildPhase section */

/* Begin PBXFileReference section */
		1A5755A31A678FA00038CF45 /* libTTStackCards.a */ = {isa = PBXFileReference; explicitFileType = archive.ar; includeInIndex = 0; path = libTTStackCards.a; sourceTree = BUILT_PRODUCTS_DIR; };
		1A5755BD1A678FDF0038CF45 /* SKBounceAnimation.h */ = {isa = PBXFileReference; fileEncoding = 4; lastKnownFileType = sourcecode.c.h; path = SKBounceAnimation.h; sourceTree = "<group>"; };
		1A5755BE1A678FDF0038CF45 /* SKBounceAnimation.m */ = {isa = PBXFileReference; fileEncoding = 4; lastKnownFileType = sourcecode.c.objc; path = SKBounceAnimation.m; sourceTree = "<group>"; };
		1A5755BF1A678FDF0038CF45 /* UIView+GeometryAddition.h */ = {isa = PBXFileReference; fileEncoding = 4; lastKnownFileType = sourcecode.c.h; path = "UIView+GeometryAddition.h"; sourceTree = "<group>"; };
		1A5755C01A678FDF0038CF45 /* UIView+GeometryAddition.m */ = {isa = PBXFileReference; fileEncoding = 4; lastKnownFileType = sourcecode.c.objc; path = "UIView+GeometryAddition.m"; sourceTree = "<group>"; };
		1A5755C11A678FDF0038CF45 /* TTStackCards.h */ = {isa = PBXFileReference; fileEncoding = 4; lastKnownFileType = sourcecode.c.h; path = TTStackCards.h; sourceTree = "<group>"; };
		1A5755C21A678FDF0038CF45 /* TTStackCards.m */ = {isa = PBXFileReference; fileEncoding = 4; lastKnownFileType = sourcecode.c.objc; path = TTStackCards.m; sourceTree = "<group>"; };
		1A6008CA1A6CC75B00FAE73F /* TTStackSingleCardView.h */ = {isa = PBXFileReference; fileEncoding = 4; lastKnownFileType = sourcecode.c.h; path = TTStackSingleCardView.h; sourceTree = "<group>"; };
		1A6008CB1A6CC75B00FAE73F /* TTStackSingleCardView.m */ = {isa = PBXFileReference; fileEncoding = 4; lastKnownFileType = sourcecode.c.objc; path = TTStackSingleCardView.m; sourceTree = "<group>"; };
		B3A628E51A6D6B08000625C7 /* TTStackSingleCardViewProtocal.h */ = {isa = PBXFileReference; fileEncoding = 4; lastKnownFileType = sourcecode.c.h; path = TTStackSingleCardViewProtocal.h; sourceTree = "<group>"; };
/* End PBXFileReference section */

/* Begin PBXFrameworksBuildPhase section */
		1A5755A01A678FA00038CF45 /* Frameworks */ = {
			isa = PBXFrameworksBuildPhase;
			buildActionMask = 2147483647;
			files = (
			);
			runOnlyForDeploymentPostprocessing = 0;
		};
/* End PBXFrameworksBuildPhase section */

/* Begin PBXGroup section */
		1A57559A1A678FA00038CF45 = {
			isa = PBXGroup;
			children = (
				1A5755A51A678FA00038CF45 /* TTStackCards */,
				1A5755A41A678FA00038CF45 /* Products */,
			);
			sourceTree = "<group>";
		};
		1A5755A41A678FA00038CF45 /* Products */ = {
			isa = PBXGroup;
			children = (
				1A5755A31A678FA00038CF45 /* libTTStackCards.a */,
			);
			name = Products;
			sourceTree = "<group>";
		};
		1A5755A51A678FA00038CF45 /* TTStackCards */ = {
			isa = PBXGroup;
			children = (
				1A5755BD1A678FDF0038CF45 /* SKBounceAnimation.h */,
				1A5755BE1A678FDF0038CF45 /* SKBounceAnimation.m */,
				1A5755BF1A678FDF0038CF45 /* UIView+GeometryAddition.h */,
				1A5755C01A678FDF0038CF45 /* UIView+GeometryAddition.m */,
				B3A628E51A6D6B08000625C7 /* TTStackSingleCardViewProtocal.h */,
				1A6008CA1A6CC75B00FAE73F /* TTStackSingleCardView.h */,
				1A6008CB1A6CC75B00FAE73F /* TTStackSingleCardView.m */,
				1A5755C11A678FDF0038CF45 /* TTStackCards.h */,
				1A5755C21A678FDF0038CF45 /* TTStackCards.m */,
			);
			path = TTStackCards;
			sourceTree = "<group>";
		};
/* End PBXGroup section */

/* Begin PBXNativeTarget section */
		1A5755A21A678FA00038CF45 /* TTStackCards */ = {
			isa = PBXNativeTarget;
			buildConfigurationList = 1A5755B71A678FA00038CF45 /* Build configuration list for PBXNativeTarget "TTStackCards" */;
			buildPhases = (
				1A57559F1A678FA00038CF45 /* Sources */,
				1A5755A01A678FA00038CF45 /* Frameworks */,
				1A5755A11A678FA00038CF45 /* Copy Files */,
			);
			buildRules = (
			);
			dependencies = (
			);
			name = TTStackCards;
			productName = TTStackCards;
			productReference = 1A5755A31A678FA00038CF45 /* libTTStackCards.a */;
			productType = "com.apple.product-type.library.static";
		};
/* End PBXNativeTarget section */

/* Begin PBXProject section */
		1A57559B1A678FA00038CF45 /* Project object */ = {
			isa = PBXProject;
			attributes = {
				LastUpgradeCheck = 0610;
				ORGANIZATIONNAME = wangrui;
				TargetAttributes = {
					1A5755A21A678FA00038CF45 = {
						CreatedOnToolsVersion = 6.1.1;
					};
				};
			};
			buildConfigurationList = 1A57559E1A678FA00038CF45 /* Build configuration list for PBXProject "TTStackCards" */;
			compatibilityVersion = "Xcode 3.2";
			developmentRegion = English;
			hasScannedForEncodings = 0;
			knownRegions = (
				en,
			);
			mainGroup = 1A57559A1A678FA00038CF45;
			productRefGroup = 1A5755A41A678FA00038CF45 /* Products */;
			projectDirPath = "";
			projectRoot = "";
			targets = (
				1A5755A21A678FA00038CF45 /* TTStackCards */,
			);
		};
/* End PBXProject section */

/* Begin PBXSourcesBuildPhase section */
		1A57559F1A678FA00038CF45 /* Sources */ = {
			isa = PBXSourcesBuildPhase;
			buildActionMask = 2147483647;
			files = (
				B3A628E61A6D6BE0000625C7 /* TTStackSingleCardViewProtocal.h in Sources */,
				1A5755C41A678FDF0038CF45 /* UIView+GeometryAddition.m in Sources */,
				1A5755C51A678FDF0038CF45 /* TTStackCards.m in Sources */,
				1A5755C31A678FDF0038CF45 /* SKBounceAnimation.m in Sources */,
				1A6008CC1A6CC75B00FAE73F /* TTStackSingleCardView.m in Sources */,
			);
			runOnlyForDeploymentPostprocessing = 0;
		};
/* End PBXSourcesBuildPhase section */

/* Begin XCBuildConfiguration section */
		1A5755B51A678FA00038CF45 /* Debug */ = {
			isa = XCBuildConfiguration;
			buildSettings = {
				ALWAYS_SEARCH_USER_PATHS = NO;
				CLANG_CXX_LANGUAGE_STANDARD = "gnu++0x";
				CLANG_CXX_LIBRARY = "libc++";
				CLANG_ENABLE_MODULES = YES;
				CLANG_ENABLE_OBJC_ARC = YES;
				CLANG_WARN_BOOL_CONVERSION = YES;
				CLANG_WARN_CONSTANT_CONVERSION = YES;
				CLANG_WARN_DIRECT_OBJC_ISA_USAGE = YES_ERROR;
				CLANG_WARN_EMPTY_BODY = YES;
				CLANG_WARN_ENUM_CONVERSION = YES;
				CLANG_WARN_INT_CONVERSION = YES;
				CLANG_WARN_OBJC_ROOT_CLASS = YES_ERROR;
				CLANG_WARN_UNREACHABLE_CODE = YES;
				CLANG_WARN__DUPLICATE_METHOD_MATCH = YES;
				COPY_PHASE_STRIP = NO;
				ENABLE_STRICT_OBJC_MSGSEND = YES;
				GCC_C_LANGUAGE_STANDARD = gnu99;
				GCC_DYNAMIC_NO_PIC = NO;
				GCC_OPTIMIZATION_LEVEL = 0;
				GCC_PREPROCESSOR_DEFINITIONS = (
					"DEBUG=1",
					"$(inherited)",
				);
				GCC_SYMBOLS_PRIVATE_EXTERN = NO;
				GCC_WARN_64_TO_32_BIT_CONVERSION = YES;
				GCC_WARN_ABOUT_RETURN_TYPE = YES_ERROR;
				GCC_WARN_UNDECLARED_SELECTOR = YES;
				GCC_WARN_UNINITIALIZED_AUTOS = YES_AGGRESSIVE;
				GCC_WARN_UNUSED_FUNCTION = YES;
				GCC_WARN_UNUSED_VARIABLE = YES;
				IPHONEOS_DEPLOYMENT_TARGET = 8.1;
				MTL_ENABLE_DEBUG_INFO = YES;
				ONLY_ACTIVE_ARCH = YES;
				SDKROOT = iphoneos;
			};
			name = Debug;
		};
		1A5755B61A678FA00038CF45 /* Release */ = {
			isa = XCBuildConfiguration;
			buildSettings = {
				ALWAYS_SEARCH_USER_PATHS = NO;
				CLANG_CXX_LANGUAGE_STANDARD = "gnu++0x";
				CLANG_CXX_LIBRARY = "libc++";
				CLANG_ENABLE_MODULES = YES;
				CLANG_ENABLE_OBJC_ARC = YES;
				CLANG_WARN_BOOL_CONVERSION = YES;
				CLANG_WARN_CONSTANT_CONVERSION = YES;
				CLANG_WARN_DIRECT_OBJC_ISA_USAGE = YES_ERROR;
				CLANG_WARN_EMPTY_BODY = YES;
				CLANG_WARN_ENUM_CONVERSION = YES;
				CLANG_WARN_INT_CONVERSION = YES;
				CLANG_WARN_OBJC_ROOT_CLASS = YES_ERROR;
				CLANG_WARN_UNREACHABLE_CODE = YES;
				CLANG_WARN__DUPLICATE_METHOD_MATCH = YES;
				COPY_PHASE_STRIP = YES;
				ENABLE_NS_ASSERTIONS = NO;
				ENABLE_STRICT_OBJC_MSGSEND = YES;
				GCC_C_LANGUAGE_STANDARD = gnu99;
				GCC_WARN_64_TO_32_BIT_CONVERSION = YES;
				GCC_WARN_ABOUT_RETURN_TYPE = YES_ERROR;
				GCC_WARN_UNDECLARED_SELECTOR = YES;
				GCC_WARN_UNINITIALIZED_AUTOS = YES_AGGRESSIVE;
				GCC_WARN_UNUSED_FUNCTION = YES;
				GCC_WARN_UNUSED_VARIABLE = YES;
				IPHONEOS_DEPLOYMENT_TARGET = 8.1;
				MTL_ENABLE_DEBUG_INFO = NO;
				SDKROOT = iphoneos;
				VALIDATE_PRODUCT = YES;
			};
			name = Release;
		};
		1A5755B81A678FA00038CF45 /* Debug */ = {
			isa = XCBuildConfiguration;
			buildSettings = {
				OTHER_LDFLAGS = "-ObjC";
				PRODUCT_NAME = "$(TARGET_NAME)";
				SKIP_INSTALL = YES;
			};
			name = Debug;
		};
		1A5755B91A678FA00038CF45 /* Release */ = {
			isa = XCBuildConfiguration;
			buildSettings = {
				OTHER_LDFLAGS = "-ObjC";
				PRODUCT_NAME = "$(TARGET_NAME)";
				SKIP_INSTALL = YES;
			};
			name = Release;
		};
/* End XCBuildConfiguration section */

/* Begin XCConfigurationList section */
		1A57559E1A678FA00038CF45 /* Build configuration list for PBXProject "TTStackCards" */ = {
			isa = XCConfigurationList;
			buildConfigurations = (
				1A5755B51A678FA00038CF45 /* Debug */,
				1A5755B61A678FA00038CF45 /* Release */,
			);
			defaultConfigurationIsVisible = 0;
			defaultConfigurationName = Release;
		};
		1A5755B71A678FA00038CF45 /* Build configuration list for PBXNativeTarget "TTStackCards" */ = {
			isa = XCConfigurationList;
			buildConfigurations = (
				1A5755B81A678FA00038CF45 /* Debug */,
				1A5755B91A678FA00038CF45 /* Release */,
			);
			defaultConfigurationIsVisible = 0;
			defaultConfigurationName = Release;
		};
/* End XCConfigurationList section */
	};
	rootObject = 1A57559B1A678FA00038CF45 /* Project object */;
}
